
Microsoft Visual Studio Solution File, Format Version 12.00
# Visual Studio Version 17
Project("{2150E333-8FDC-42A3-9474-1A3956D46DE8}") = "CMakePredefinedTargets", "CMakePredefinedTargets", "{AA1CF417-EE4C-34B9-A6D0-218BCE7B41FD}"
EndProject
Project("{8BC9CEB8-8B4A-11D0-8D11-00A0C91BC942}") = "ALL_BUILD", "ALL_BUILD.vcxproj", "{DD2E72F2-48D5-311D-B900-B7F8499C5CE4}"
	ProjectSection(ProjectDependencies) = postProject
		{FDA2212C-3D9B-39F6-9473-90CCFD6C8918} = {FDA2212C-3D9B-39F6-9473-90CCFD6C8918}
		{0A7EFDF9-38E2-3507-97BE-D07A372A2DBB} = {0A7EFDF9-38E2-3507-97BE-D07A372A2DBB}
	EndProjectSection
EndProject
Project("{8BC9CEB8-8B4A-11D0-8D11-00A0C91BC942}") = "ZERO_CHECK", "ZERO_CHECK.vcxproj", "{FDA2212C-3D9B-39F6-9473-90CCFD6C8918}"
	ProjectSection(ProjectDependencies) = postProject
	EndProjectSection
EndProject
Project("{8BC9CEB8-8B4A-11D0-8D11-00A0C91BC942}") = "ltest", "ltest.vcxproj", "{0A7EFDF9-38E2-3507-97BE-D07A372A2DBB}"
	ProjectSection(ProjectDependencies) = postProject
		{FDA2212C-3D9B-39F6-9473-90CCFD6C8918} = {FDA2212C-3D9B-39F6-9473-90CCFD6C8918}
	EndProjectSection
EndProject
Global
	GlobalSection(SolutionConfigurationPlatforms) = preSolution
		Debug|x64 = Debug|x64
		Release|x64 = Release|x64
		MinSizeRel|x64 = MinSizeRel|x64
		RelWithDebInfo|x64 = RelWithDebInfo|x64
	EndGlobalSection
	GlobalSection(ProjectConfigurationPlatforms) = postSolution
		{DD2E72F2-48D5-311D-B900-B7F8499C5CE4}.Debug|x64.ActiveCfg = Debug|x64
		{DD2E72F2-48D5-311D-B900-B7F8499C5CE4}.Release|x64.ActiveCfg = Release|x64
		{DD2E72F2-48D5-311D-B900-B7F8499C5CE4}.MinSizeRel|x64.ActiveCfg = MinSizeRel|x64
		{DD2E72F2-48D5-311D-B900-B7F8499C5CE4}.RelWithDebInfo|x64.ActiveCfg = RelWithDebInfo|x64
		{FDA2212C-3D9B-39F6-9473-90CCFD6C8918}.Debug|x64.ActiveCfg = Debug|x64
		{FDA2212C-3D9B-39F6-9473-90CCFD6C8918}.Debug|x64.Build.0 = Debug|x64
		{FDA2212C-3D9B-39F6-9473-90CCFD6C8918}.Release|x64.ActiveCfg = Release|x64
		{FDA2212C-3D9B-39F6-9473-90CCFD6C8918}.Release|x64.Build.0 = Release|x64
		{FDA2212C-3D9B-39F6-9473-90CCFD6C8918}.MinSizeRel|x64.ActiveCfg = MinSizeRel|x64
		{FDA2212C-3D9B-39F6-9473-90CCFD6C8918}.MinSizeRel|x64.Build.0 = MinSizeRel|x64
		{FDA2212C-3D9B-39F6-9473-90CCFD6C8918}.RelWithDebInfo|x64.ActiveCfg = RelWithDebInfo|x64
		{FDA2212C-3D9B-39F6-9473-90CCFD6C8918}.RelWithDebInfo|x64.Build.0 = RelWithDebInfo|x64
		{0A7EFDF9-38E2-3507-97BE-D07A372A2DBB}.Debug|x64.ActiveCfg = Debug|x64
		{0A7EFDF9-38E2-3507-97BE-D07A372A2DBB}.Debug|x64.Build.0 = Debug|x64
		{0A7EFDF9-38E2-3507-97BE-D07A372A2DBB}.Release|x64.ActiveCfg = Release|x64
		{0A7EFDF9-38E2-3507-97BE-D07A372A2DBB}.Release|x64.Build.0 = Release|x64
		{0A7EFDF9-38E2-3507-97BE-D07A372A2DBB}.MinSizeRel|x64.ActiveCfg = MinSizeRel|x64
		{0A7EFDF9-38E2-3507-97BE-D07A372A2DBB}.MinSizeRel|x64.Build.0 = MinSizeRel|x64
		{0A7EFDF9-38E2-3507-97BE-D07A372A2DBB}.RelWithDebInfo|x64.ActiveCfg = RelWithDebInfo|x64
		{0A7EFDF9-38E2-3507-97BE-D07A372A2DBB}.RelWithDebInfo|x64.Build.0 = RelWithDebInfo|x64
	EndGlobalSection
	GlobalSection(NestedProjects) = preSolution
		{DD2E72F2-48D5-311D-B900-B7F8499C5CE4} = {AA1CF417-EE4C-34B9-A6D0-218BCE7B41FD}
		{FDA2212C-3D9B-39F6-9473-90CCFD6C8918} = {AA1CF417-EE4C-34B9-A6D0-218BCE7B41FD}
	EndGlobalSection
	GlobalSection(ExtensibilityGlobals) = postSolution
		SolutionGuid = {EC8A502E-60C9-3E6D-A754-F2112D19D2F0}
	EndGlobalSection
	GlobalSection(ExtensibilityAddIns) = postSolution
	EndGlobalSection
EndGlobal
