<?xml version="1.0" encoding="utf-8"?>
<Project ToolsVersion="17.0" xmlns="http://schemas.microsoft.com/developer/msbuild/2003">
  <ItemGroup>
    <ClCompile Include="C:\IDA\ida-6.5.1\examples\nvector\manyvector\test_nvector_manyvector.c">
      <Filter>Source Files</Filter>
    </ClCompile>
  </ItemGroup>
  <ItemGroup>
    <CustomBuild Include="C:\IDA\ida-6.5.1\examples\nvector\manyvector\CMakeLists.txt" />
  </ItemGroup>
  <ItemGroup>
    <Object Include="C:\IDA\BUILDDIR\examples\nvector\test_nvector_obj.dir\$(Configuration)\test_nvector.obj">
      <Filter>Object Libraries</Filter>
    </Object>
  </ItemGroup>
  <ItemGroup>
    <Filter Include="Object Libraries">
      <UniqueIdentifier>{5B6853F0-4F7D-3661-B992-C615AD7E0F1D}</UniqueIdentifier>
    </Filter>
    <Filter Include="Source Files">
      <UniqueIdentifier>{69340953-F8E6-3E5A-AEAB-CA75BF720DF7}</UniqueIdentifier>
    </Filter>
  </ItemGroup>
</Project>
