<?xml version="1.0" encoding="utf-8"?>
<Project ToolsVersion="17.0" xmlns="http://schemas.microsoft.com/developer/msbuild/2003">
  <ItemGroup>
    <CustomBuild Include="C:\IDA\ida-6.5.1\src\sunlinsol\spbcgs\CMakeLists.txt" />
  </ItemGroup>
  <ItemGroup>
    <Object Include="C:\IDA\BUILDDIR\src\sunlinsol\spbcgs\sundials_sunlinsolspbcgs_obj_static.dir\$(Configuration)\sunlinsol_spbcgs.obj">
      <Filter>Object Libraries</Filter>
    </Object>
    <Object Include="C:\IDA\BUILDDIR\src\sundials\sundials_generic_obj_static.dir\$(Configuration)\sundials_band.obj">
      <Filter>Object Libraries</Filter>
    </Object>
    <Object Include="C:\IDA\BUILDDIR\src\sundials\sundials_generic_obj_static.dir\$(Configuration)\sundials_context.obj">
      <Filter>Object Libraries</Filter>
    </Object>
    <Object Include="C:\IDA\BUILDDIR\src\sundials\sundials_generic_obj_static.dir\$(Configuration)\sundials_dense.obj">
      <Filter>Object Libraries</Filter>
    </Object>
    <Object Include="C:\IDA\BUILDDIR\src\sundials\sundials_generic_obj_static.dir\$(Configuration)\sundials_direct.obj">
      <Filter>Object Libraries</Filter>
    </Object>
    <Object Include="C:\IDA\BUILDDIR\src\sundials\sundials_generic_obj_static.dir\$(Configuration)\sundials_iterative.obj">
      <Filter>Object Libraries</Filter>
    </Object>
    <Object Include="C:\IDA\BUILDDIR\src\sundials\sundials_generic_obj_static.dir\$(Configuration)\sundials_linearsolver.obj">
      <Filter>Object Libraries</Filter>
    </Object>
    <Object Include="C:\IDA\BUILDDIR\src\sundials\sundials_generic_obj_static.dir\$(Configuration)\sundials_logger.obj">
      <Filter>Object Libraries</Filter>
    </Object>
    <Object Include="C:\IDA\BUILDDIR\src\sundials\sundials_generic_obj_static.dir\$(Configuration)\sundials_math.obj">
      <Filter>Object Libraries</Filter>
    </Object>
    <Object Include="C:\IDA\BUILDDIR\src\sundials\sundials_generic_obj_static.dir\$(Configuration)\sundials_matrix.obj">
      <Filter>Object Libraries</Filter>
    </Object>
    <Object Include="C:\IDA\BUILDDIR\src\sundials\sundials_generic_obj_static.dir\$(Configuration)\sundials_memory.obj">
      <Filter>Object Libraries</Filter>
    </Object>
    <Object Include="C:\IDA\BUILDDIR\src\sundials\sundials_generic_obj_static.dir\$(Configuration)\sundials_nonlinearsolver.obj">
      <Filter>Object Libraries</Filter>
    </Object>
    <Object Include="C:\IDA\BUILDDIR\src\sundials\sundials_generic_obj_static.dir\$(Configuration)\sundials_nvector.obj">
      <Filter>Object Libraries</Filter>
    </Object>
    <Object Include="C:\IDA\BUILDDIR\src\sundials\sundials_generic_obj_static.dir\$(Configuration)\sundials_nvector_senswrapper.obj">
      <Filter>Object Libraries</Filter>
    </Object>
    <Object Include="C:\IDA\BUILDDIR\src\sundials\sundials_generic_obj_static.dir\$(Configuration)\sundials_version.obj">
      <Filter>Object Libraries</Filter>
    </Object>
  </ItemGroup>
  <ItemGroup>
    <Filter Include="Object Libraries">
      <UniqueIdentifier>{5B6853F0-4F7D-3661-B992-C615AD7E0F1D}</UniqueIdentifier>
    </Filter>
  </ItemGroup>
</Project>
