<?xml version="1.0" encoding="utf-8"?>
<Project ToolsVersion="17.0" xmlns="http://schemas.microsoft.com/developer/msbuild/2003">
  <ItemGroup>
    <CustomBuild Include="C:\IDA\ida-6.5.1\src\ida\CMakeLists.txt" />
  </ItemGroup>
  <ItemGroup>
    <Object Include="C:\IDA\BUILDDIR\src\ida\sundials_ida_obj_static.dir\$(Configuration)\ida.obj">
      <Filter>Object Libraries</Filter>
    </Object>
    <Object Include="C:\IDA\BUILDDIR\src\ida\sundials_ida_obj_static.dir\$(Configuration)\ida_bbdpre.obj">
      <Filter>Object Libraries</Filter>
    </Object>
    <Object Include="C:\IDA\BUILDDIR\src\ida\sundials_ida_obj_static.dir\$(Configuration)\ida_direct.obj">
      <Filter>Object Libraries</Filter>
    </Object>
    <Object Include="C:\IDA\BUILDDIR\src\ida\sundials_ida_obj_static.dir\$(Configuration)\ida_ic.obj">
      <Filter>Object Libraries</Filter>
    </Object>
    <Object Include="C:\IDA\BUILDDIR\src\ida\sundials_ida_obj_static.dir\$(Configuration)\ida_io.obj">
      <Filter>Object Libraries</Filter>
    </Object>
    <Object Include="C:\IDA\BUILDDIR\src\ida\sundials_ida_obj_static.dir\$(Configuration)\ida_ls.obj">
      <Filter>Object Libraries</Filter>
    </Object>
    <Object Include="C:\IDA\BUILDDIR\src\ida\sundials_ida_obj_static.dir\$(Configuration)\ida_nls.obj">
      <Filter>Object Libraries</Filter>
    </Object>
    <Object Include="C:\IDA\BUILDDIR\src\ida\sundials_ida_obj_static.dir\$(Configuration)\ida_spils.obj">
      <Filter>Object Libraries</Filter>
    </Object>
    <Object Include="C:\IDA\BUILDDIR\src\sundials\sundials_generic_obj_static.dir\$(Configuration)\sundials_band.obj">
      <Filter>Object Libraries</Filter>
    </Object>
    <Object Include="C:\IDA\BUILDDIR\src\sundials\sundials_generic_obj_static.dir\$(Configuration)\sundials_context.obj">
      <Filter>Object Libraries</Filter>
    </Object>
    <Object Include="C:\IDA\BUILDDIR\src\sundials\sundials_generic_obj_static.dir\$(Configuration)\sundials_dense.obj">
      <Filter>Object Libraries</Filter>
    </Object>
    <Object Include="C:\IDA\BUILDDIR\src\sundials\sundials_generic_obj_static.dir\$(Configuration)\sundials_direct.obj">
      <Filter>Object Libraries</Filter>
    </Object>
    <Object Include="C:\IDA\BUILDDIR\src\sundials\sundials_generic_obj_static.dir\$(Configuration)\sundials_iterative.obj">
      <Filter>Object Libraries</Filter>
    </Object>
    <Object Include="C:\IDA\BUILDDIR\src\sundials\sundials_generic_obj_static.dir\$(Configuration)\sundials_linearsolver.obj">
      <Filter>Object Libraries</Filter>
    </Object>
    <Object Include="C:\IDA\BUILDDIR\src\sundials\sundials_generic_obj_static.dir\$(Configuration)\sundials_logger.obj">
      <Filter>Object Libraries</Filter>
    </Object>
    <Object Include="C:\IDA\BUILDDIR\src\sundials\sundials_generic_obj_static.dir\$(Configuration)\sundials_math.obj">
      <Filter>Object Libraries</Filter>
    </Object>
    <Object Include="C:\IDA\BUILDDIR\src\sundials\sundials_generic_obj_static.dir\$(Configuration)\sundials_matrix.obj">
      <Filter>Object Libraries</Filter>
    </Object>
    <Object Include="C:\IDA\BUILDDIR\src\sundials\sundials_generic_obj_static.dir\$(Configuration)\sundials_memory.obj">
      <Filter>Object Libraries</Filter>
    </Object>
    <Object Include="C:\IDA\BUILDDIR\src\sundials\sundials_generic_obj_static.dir\$(Configuration)\sundials_nonlinearsolver.obj">
      <Filter>Object Libraries</Filter>
    </Object>
    <Object Include="C:\IDA\BUILDDIR\src\sundials\sundials_generic_obj_static.dir\$(Configuration)\sundials_nvector.obj">
      <Filter>Object Libraries</Filter>
    </Object>
    <Object Include="C:\IDA\BUILDDIR\src\sundials\sundials_generic_obj_static.dir\$(Configuration)\sundials_nvector_senswrapper.obj">
      <Filter>Object Libraries</Filter>
    </Object>
    <Object Include="C:\IDA\BUILDDIR\src\sundials\sundials_generic_obj_static.dir\$(Configuration)\sundials_version.obj">
      <Filter>Object Libraries</Filter>
    </Object>
    <Object Include="C:\IDA\BUILDDIR\src\sunmemory\system\sundials_sunmemsys_obj_static.dir\$(Configuration)\sundials_system_memory.obj">
      <Filter>Object Libraries</Filter>
    </Object>
    <Object Include="C:\IDA\BUILDDIR\src\nvector\serial\sundials_nvecserial_obj_static.dir\$(Configuration)\nvector_serial.obj">
      <Filter>Object Libraries</Filter>
    </Object>
    <Object Include="C:\IDA\BUILDDIR\src\sunmatrix\band\sundials_sunmatrixband_obj_static.dir\$(Configuration)\sunmatrix_band.obj">
      <Filter>Object Libraries</Filter>
    </Object>
    <Object Include="C:\IDA\BUILDDIR\src\sunmatrix\dense\sundials_sunmatrixdense_obj_static.dir\$(Configuration)\sunmatrix_dense.obj">
      <Filter>Object Libraries</Filter>
    </Object>
    <Object Include="C:\IDA\BUILDDIR\src\sunmatrix\sparse\sundials_sunmatrixsparse_obj_static.dir\$(Configuration)\sunmatrix_sparse.obj">
      <Filter>Object Libraries</Filter>
    </Object>
    <Object Include="C:\IDA\BUILDDIR\src\sunlinsol\band\sundials_sunlinsolband_obj_static.dir\$(Configuration)\sunlinsol_band.obj">
      <Filter>Object Libraries</Filter>
    </Object>
    <Object Include="C:\IDA\BUILDDIR\src\sunlinsol\dense\sundials_sunlinsoldense_obj_static.dir\$(Configuration)\sunlinsol_dense.obj">
      <Filter>Object Libraries</Filter>
    </Object>
    <Object Include="C:\IDA\BUILDDIR\src\sunlinsol\spbcgs\sundials_sunlinsolspbcgs_obj_static.dir\$(Configuration)\sunlinsol_spbcgs.obj">
      <Filter>Object Libraries</Filter>
    </Object>
    <Object Include="C:\IDA\BUILDDIR\src\sunlinsol\spfgmr\sundials_sunlinsolspfgmr_obj_static.dir\$(Configuration)\sunlinsol_spfgmr.obj">
      <Filter>Object Libraries</Filter>
    </Object>
    <Object Include="C:\IDA\BUILDDIR\src\sunlinsol\spgmr\sundials_sunlinsolspgmr_obj_static.dir\$(Configuration)\sunlinsol_spgmr.obj">
      <Filter>Object Libraries</Filter>
    </Object>
    <Object Include="C:\IDA\BUILDDIR\src\sunlinsol\sptfqmr\sundials_sunlinsolsptfqmr_obj_static.dir\$(Configuration)\sunlinsol_sptfqmr.obj">
      <Filter>Object Libraries</Filter>
    </Object>
    <Object Include="C:\IDA\BUILDDIR\src\sunlinsol\pcg\sundials_sunlinsolpcg_obj_static.dir\$(Configuration)\sunlinsol_pcg.obj">
      <Filter>Object Libraries</Filter>
    </Object>
    <Object Include="C:\IDA\BUILDDIR\src\sunnonlinsol\newton\sundials_sunnonlinsolnewton_obj_static.dir\$(Configuration)\sunnonlinsol_newton.obj">
      <Filter>Object Libraries</Filter>
    </Object>
    <Object Include="C:\IDA\BUILDDIR\src\sunnonlinsol\fixedpoint\sundials_sunnonlinsolfixedpoint_obj_static.dir\$(Configuration)\sunnonlinsol_fixedpoint.obj">
      <Filter>Object Libraries</Filter>
    </Object>
  </ItemGroup>
  <ItemGroup>
    <Filter Include="Object Libraries">
      <UniqueIdentifier>{5B6853F0-4F7D-3661-B992-C615AD7E0F1D}</UniqueIdentifier>
    </Filter>
  </ItemGroup>
</Project>
