<?xml version="1.0" encoding="utf-8"?>
<Project ToolsVersion="17.0" xmlns="http://schemas.microsoft.com/developer/msbuild/2003">
  <ItemGroup>
    <ClCompile Include="C:\IDA\ida-6.5.1\examples\sunmatrix\sparse\test_sunmatrix_sparse.c">
      <Filter>Source Files</Filter>
    </ClCompile>
    <ClCompile Include="C:\IDA\ida-6.5.1\examples\sunmatrix\test_sunmatrix.c">
      <Filter>Source Files</Filter>
    </ClCompile>
  </ItemGroup>
  <ItemGroup>
    <CustomBuild Include="C:\IDA\ida-6.5.1\examples\sunmatrix\sparse\CMakeLists.txt" />
  </ItemGroup>
  <ItemGroup>
    <Filter Include="Source Files">
      <UniqueIdentifier>{69340953-F8E6-3E5A-AEAB-CA75BF720DF7}</UniqueIdentifier>
    </Filter>
  </ItemGroup>
</Project>
